
Microsoft Visual Studio Solution File, Format Version 12.00
Project("{FAE04EC0-301F-11D3-BF4B-00C04F79EFBC}") = "SmartMeterWebservice", "SmartMeterWebservice\SmartMeterWebservice.csproj", "{4A8C2FAE-CEB2-433B-8A6F-62D8079A8D06}"
EndProject
Project("{2150E333-8FDC-42A3-9474-1A3956D46DE8}") = "4_Services", "4_Services", "{47ADF2F5-5364-4DCA-AED6-1A0CCFF45DBB}"
EndProject
Project("{FAE04EC0-301F-11D3-BF4B-00C04F79EFBC}") = "UserWebservice", "UserWebservice\UserWebservice.csproj", "{3AA44E5E-E7EF-475D-B492-CA367FC3EA74}"
EndProject
Project("{2150E333-8FDC-42A3-9474-1A3956D46DE8}") = "1_Domain", "1_Domain", "{4F9AEB1D-C51B-44BC-9A15-F034DC4C2BDB}"
EndProject
Project("{FAE04EC0-301F-11D3-BF4B-00C04F79EFBC}") = "Domain", "Domain\Domain.csproj", "{168C693C-C701-475C-90D9-76B14A95A276}"
EndProject
Project("{2150E333-8FDC-42A3-9474-1A3956D46DE8}") = "3_Infrastructure", "3_Infrastructure", "{881BD923-8091-4B49-AB29-CC542CE5FD1D}"
EndProject
Project("{FAE04EC0-301F-11D3-BF4B-00C04F79EFBC}") = "Database", "Database\Database.csproj", "{E36FAF50-B223-4692-9A4C-D0C466E0F0EA}"
EndProject
Project("{2150E333-8FDC-42A3-9474-1A3956D46DE8}") = "2_Logic", "2_Logic", "{1EDD6C41-A817-4F80-B018-ABAC6D069778}"
EndProject
Project("{FAE04EC0-301F-11D3-BF4B-00C04F79EFBC}") = "Certificates", "Certificates\Certificates.csproj", "{6967346C-B534-47DE-8071-38E42922C622}"
EndProject
Project("{2150E333-8FDC-42A3-9474-1A3956D46DE8}") = "5_Tools", "5_Tools", "{F73C21F5-2458-404C-9598-1D91119530C6}"
EndProject
Project("{FAE04EC0-301F-11D3-BF4B-00C04F79EFBC}") = "SignatureGenerator", "SignatureGenerator\SignatureGenerator.csproj", "{90F9B42E-0187-4150-A1F3-9BB0536C239B}"
EndProject
Project("{FAE04EC0-301F-11D3-BF4B-00C04F79EFBC}") = "OperatorSendJob", "OperatorSendJob\OperatorSendJob.csproj", "{65DB4431-5863-4D78-B752-CFBFBB000C9C}"
EndProject
Project("{FAE04EC0-301F-11D3-BF4B-00C04F79EFBC}") = "PasswordHasher", "PasswordHasher\PasswordHasher.csproj", "{67A2F5F8-B397-4337-A318-46984D75CDC4}"
EndProject
Project("{FAE04EC0-301F-11D3-BF4B-00C04F79EFBC}") = "OperatorReceiveWebservice", "OperatorReceiveWebservice\OperatorReceiveWebservice.csproj", "{972CC851-F23D-4F25-8D0B-EC3032D21785}"
EndProject
Global
	GlobalSection(SolutionConfigurationPlatforms) = preSolution
		Debug|Any CPU = Debug|Any CPU
		Release|Any CPU = Release|Any CPU
	EndGlobalSection
	GlobalSection(ProjectConfigurationPlatforms) = postSolution
		{4A8C2FAE-CEB2-433B-8A6F-62D8079A8D06}.Debug|Any CPU.ActiveCfg = Debug|Any CPU
		{4A8C2FAE-CEB2-433B-8A6F-62D8079A8D06}.Debug|Any CPU.Build.0 = Debug|Any CPU
		{4A8C2FAE-CEB2-433B-8A6F-62D8079A8D06}.Release|Any CPU.ActiveCfg = Release|Any CPU
		{4A8C2FAE-CEB2-433B-8A6F-62D8079A8D06}.Release|Any CPU.Build.0 = Release|Any CPU
		{3AA44E5E-E7EF-475D-B492-CA367FC3EA74}.Debug|Any CPU.ActiveCfg = Debug|Any CPU
		{3AA44E5E-E7EF-475D-B492-CA367FC3EA74}.Debug|Any CPU.Build.0 = Debug|Any CPU
		{3AA44E5E-E7EF-475D-B492-CA367FC3EA74}.Release|Any CPU.ActiveCfg = Release|Any CPU
		{3AA44E5E-E7EF-475D-B492-CA367FC3EA74}.Release|Any CPU.Build.0 = Release|Any CPU
		{168C693C-C701-475C-90D9-76B14A95A276}.Debug|Any CPU.ActiveCfg = Debug|Any CPU
		{168C693C-C701-475C-90D9-76B14A95A276}.Debug|Any CPU.Build.0 = Debug|Any CPU
		{168C693C-C701-475C-90D9-76B14A95A276}.Release|Any CPU.ActiveCfg = Release|Any CPU
		{168C693C-C701-475C-90D9-76B14A95A276}.Release|Any CPU.Build.0 = Release|Any CPU
		{E36FAF50-B223-4692-9A4C-D0C466E0F0EA}.Debug|Any CPU.ActiveCfg = Debug|Any CPU
		{E36FAF50-B223-4692-9A4C-D0C466E0F0EA}.Debug|Any CPU.Build.0 = Debug|Any CPU
		{E36FAF50-B223-4692-9A4C-D0C466E0F0EA}.Release|Any CPU.ActiveCfg = Release|Any CPU
		{E36FAF50-B223-4692-9A4C-D0C466E0F0EA}.Release|Any CPU.Build.0 = Release|Any CPU
		{6967346C-B534-47DE-8071-38E42922C622}.Debug|Any CPU.ActiveCfg = Debug|Any CPU
		{6967346C-B534-47DE-8071-38E42922C622}.Debug|Any CPU.Build.0 = Debug|Any CPU
		{6967346C-B534-47DE-8071-38E42922C622}.Release|Any CPU.ActiveCfg = Release|Any CPU
		{6967346C-B534-47DE-8071-38E42922C622}.Release|Any CPU.Build.0 = Release|Any CPU
		{90F9B42E-0187-4150-A1F3-9BB0536C239B}.Debug|Any CPU.ActiveCfg = Debug|Any CPU
		{90F9B42E-0187-4150-A1F3-9BB0536C239B}.Debug|Any CPU.Build.0 = Debug|Any CPU
		{90F9B42E-0187-4150-A1F3-9BB0536C239B}.Release|Any CPU.ActiveCfg = Release|Any CPU
		{90F9B42E-0187-4150-A1F3-9BB0536C239B}.Release|Any CPU.Build.0 = Release|Any CPU
		{65DB4431-5863-4D78-B752-CFBFBB000C9C}.Debug|Any CPU.ActiveCfg = Debug|Any CPU
		{65DB4431-5863-4D78-B752-CFBFBB000C9C}.Debug|Any CPU.Build.0 = Debug|Any CPU
		{65DB4431-5863-4D78-B752-CFBFBB000C9C}.Release|Any CPU.ActiveCfg = Release|Any CPU
		{65DB4431-5863-4D78-B752-CFBFBB000C9C}.Release|Any CPU.Build.0 = Release|Any CPU
		{67A2F5F8-B397-4337-A318-46984D75CDC4}.Debug|Any CPU.ActiveCfg = Debug|Any CPU
		{67A2F5F8-B397-4337-A318-46984D75CDC4}.Debug|Any CPU.Build.0 = Debug|Any CPU
		{67A2F5F8-B397-4337-A318-46984D75CDC4}.Release|Any CPU.ActiveCfg = Release|Any CPU
		{67A2F5F8-B397-4337-A318-46984D75CDC4}.Release|Any CPU.Build.0 = Release|Any CPU
		{972CC851-F23D-4F25-8D0B-EC3032D21785}.Debug|Any CPU.ActiveCfg = Debug|Any CPU
		{972CC851-F23D-4F25-8D0B-EC3032D21785}.Debug|Any CPU.Build.0 = Debug|Any CPU
		{972CC851-F23D-4F25-8D0B-EC3032D21785}.Release|Any CPU.ActiveCfg = Release|Any CPU
		{972CC851-F23D-4F25-8D0B-EC3032D21785}.Release|Any CPU.Build.0 = Release|Any CPU
	EndGlobalSection
	GlobalSection(NestedProjects) = preSolution
		{4A8C2FAE-CEB2-433B-8A6F-62D8079A8D06} = {47ADF2F5-5364-4DCA-AED6-1A0CCFF45DBB}
		{3AA44E5E-E7EF-475D-B492-CA367FC3EA74} = {47ADF2F5-5364-4DCA-AED6-1A0CCFF45DBB}
		{168C693C-C701-475C-90D9-76B14A95A276} = {4F9AEB1D-C51B-44BC-9A15-F034DC4C2BDB}
		{E36FAF50-B223-4692-9A4C-D0C466E0F0EA} = {881BD923-8091-4B49-AB29-CC542CE5FD1D}
		{6967346C-B534-47DE-8071-38E42922C622} = {1EDD6C41-A817-4F80-B018-ABAC6D069778}
		{90F9B42E-0187-4150-A1F3-9BB0536C239B} = {F73C21F5-2458-404C-9598-1D91119530C6}
		{65DB4431-5863-4D78-B752-CFBFBB000C9C} = {47ADF2F5-5364-4DCA-AED6-1A0CCFF45DBB}
		{67A2F5F8-B397-4337-A318-46984D75CDC4} = {F73C21F5-2458-404C-9598-1D91119530C6}
		{972CC851-F23D-4F25-8D0B-EC3032D21785} = {F73C21F5-2458-404C-9598-1D91119530C6}
	EndGlobalSection
EndGlobal
